
Microsoft Visual Studio Solution File, Format Version 12.00
# Visual Studio 15
Project("{FAE04EC0-301F-11D3-BF4B-00C04F79EFBC}") = "SimpleWebTransport", "SimpleWebTransport.csproj", "{C2AC87A7-5BB9-3525-997A-C8D9435E6725}"
EndProject
Project("{FAE04EC0-301F-11D3-BF4B-00C04F79EFBC}") = "Mirror.Examples", "Mirror.Examples.csproj", "{45EC4C98-C532-4834-4CDA-659A0C8D6473}"
EndProject
Project("{FAE04EC0-301F-11D3-BF4B-00C04F79EFBC}") = "Mirror", "Mirror.csproj", "{BEE0C1FC-73BC-DD24-9859-67B7485AF6F7}"
EndProject
Project("{FAE04EC0-301F-11D3-BF4B-00C04F79EFBC}") = "Mirror.Components", "Mirror.Components.csproj", "{CF8441D9-B14C-B57F-0CA5-72F7579BCE7B}"
EndProject
Project("{FAE04EC0-301F-11D3-BF4B-00C04F79EFBC}") = "Assembly-CSharp", "Assembly-CSharp.csproj", "{85D0F8F3-EA10-67FE-2C82-5BF014D43D32}"
EndProject
Project("{FAE04EC0-301F-11D3-BF4B-00C04F79EFBC}") = "Telepathy", "Telepathy.csproj", "{EB0FFD7C-8928-4092-6691-91438DCAC496}"
EndProject
Project("{FAE04EC0-301F-11D3-BF4B-00C04F79EFBC}") = "kcp2k", "kcp2k.csproj", "{64C1F697-4E94-AA83-3D96-F95327CCF42D}"
EndProject
Project("{FAE04EC0-301F-11D3-BF4B-00C04F79EFBC}") = "where-allocations", "where-allocations.csproj", "{D791E527-8035-D0F2-14F5-393ECCFE8F08}"
EndProject
Project("{FAE04EC0-301F-11D3-BF4B-00C04F79EFBC}") = "Mirror.Authenticators", "Mirror.Authenticators.csproj", "{8B555E20-8CCC-5EE4-D614-62C8661982F8}"
EndProject
Project("{FAE04EC0-301F-11D3-BF4B-00C04F79EFBC}") = "Unity.Mirror.CodeGen", "Unity.Mirror.CodeGen.csproj", "{EE27CBFE-967E-316C-009B-0234D1611C95}"
EndProject
Project("{FAE04EC0-301F-11D3-BF4B-00C04F79EFBC}") = "Mirror.Editor", "Mirror.Editor.csproj", "{C5F73606-BF5D-5C34-DB92-C2F767FE40EA}"
EndProject
Project("{FAE04EC0-301F-11D3-BF4B-00C04F79EFBC}") = "Mirror.CompilerSymbols", "Mirror.CompilerSymbols.csproj", "{AFEEF35F-04CF-3782-FC19-289BC3F6660E}"
EndProject
Global
	GlobalSection(SolutionConfigurationPlatforms) = preSolution
		Debug|Any CPU = Debug|Any CPU
		Release|Any CPU = Release|Any CPU
	EndGlobalSection
	GlobalSection(ProjectConfigurationPlatforms) = postSolution
		{C2AC87A7-5BB9-3525-997A-C8D9435E6725}.Debug|Any CPU.ActiveCfg = Debug|Any CPU
		{C2AC87A7-5BB9-3525-997A-C8D9435E6725}.Debug|Any CPU.Build.0 = Debug|Any CPU
		{C2AC87A7-5BB9-3525-997A-C8D9435E6725}.Release|Any CPU.ActiveCfg = Release|Any CPU
		{C2AC87A7-5BB9-3525-997A-C8D9435E6725}.Release|Any CPU.Build.0 = Release|Any CPU
		{45EC4C98-C532-4834-4CDA-659A0C8D6473}.Debug|Any CPU.ActiveCfg = Debug|Any CPU
		{45EC4C98-C532-4834-4CDA-659A0C8D6473}.Debug|Any CPU.Build.0 = Debug|Any CPU
		{45EC4C98-C532-4834-4CDA-659A0C8D6473}.Release|Any CPU.ActiveCfg = Release|Any CPU
		{45EC4C98-C532-4834-4CDA-659A0C8D6473}.Release|Any CPU.Build.0 = Release|Any CPU
		{BEE0C1FC-73BC-DD24-9859-67B7485AF6F7}.Debug|Any CPU.ActiveCfg = Debug|Any CPU
		{BEE0C1FC-73BC-DD24-9859-67B7485AF6F7}.Debug|Any CPU.Build.0 = Debug|Any CPU
		{BEE0C1FC-73BC-DD24-9859-67B7485AF6F7}.Release|Any CPU.ActiveCfg = Release|Any CPU
		{BEE0C1FC-73BC-DD24-9859-67B7485AF6F7}.Release|Any CPU.Build.0 = Release|Any CPU
		{CF8441D9-B14C-B57F-0CA5-72F7579BCE7B}.Debug|Any CPU.ActiveCfg = Debug|Any CPU
		{CF8441D9-B14C-B57F-0CA5-72F7579BCE7B}.Debug|Any CPU.Build.0 = Debug|Any CPU
		{CF8441D9-B14C-B57F-0CA5-72F7579BCE7B}.Release|Any CPU.ActiveCfg = Release|Any CPU
		{CF8441D9-B14C-B57F-0CA5-72F7579BCE7B}.Release|Any CPU.Build.0 = Release|Any CPU
		{85D0F8F3-EA10-67FE-2C82-5BF014D43D32}.Debug|Any CPU.ActiveCfg = Debug|Any CPU
		{85D0F8F3-EA10-67FE-2C82-5BF014D43D32}.Debug|Any CPU.Build.0 = Debug|Any CPU
		{85D0F8F3-EA10-67FE-2C82-5BF014D43D32}.Release|Any CPU.ActiveCfg = Release|Any CPU
		{85D0F8F3-EA10-67FE-2C82-5BF014D43D32}.Release|Any CPU.Build.0 = Release|Any CPU
		{EB0FFD7C-8928-4092-6691-91438DCAC496}.Debug|Any CPU.ActiveCfg = Debug|Any CPU
		{EB0FFD7C-8928-4092-6691-91438DCAC496}.Debug|Any CPU.Build.0 = Debug|Any CPU
		{EB0FFD7C-8928-4092-6691-91438DCAC496}.Release|Any CPU.ActiveCfg = Release|Any CPU
		{EB0FFD7C-8928-4092-6691-91438DCAC496}.Release|Any CPU.Build.0 = Release|Any CPU
		{64C1F697-4E94-AA83-3D96-F95327CCF42D}.Debug|Any CPU.ActiveCfg = Debug|Any CPU
		{64C1F697-4E94-AA83-3D96-F95327CCF42D}.Debug|Any CPU.Build.0 = Debug|Any CPU
		{64C1F697-4E94-AA83-3D96-F95327CCF42D}.Release|Any CPU.ActiveCfg = Release|Any CPU
		{64C1F697-4E94-AA83-3D96-F95327CCF42D}.Release|Any CPU.Build.0 = Release|Any CPU
		{D791E527-8035-D0F2-14F5-393ECCFE8F08}.Debug|Any CPU.ActiveCfg = Debug|Any CPU
		{D791E527-8035-D0F2-14F5-393ECCFE8F08}.Debug|Any CPU.Build.0 = Debug|Any CPU
		{D791E527-8035-D0F2-14F5-393ECCFE8F08}.Release|Any CPU.ActiveCfg = Release|Any CPU
		{D791E527-8035-D0F2-14F5-393ECCFE8F08}.Release|Any CPU.Build.0 = Release|Any CPU
		{8B555E20-8CCC-5EE4-D614-62C8661982F8}.Debug|Any CPU.ActiveCfg = Debug|Any CPU
		{8B555E20-8CCC-5EE4-D614-62C8661982F8}.Debug|Any CPU.Build.0 = Debug|Any CPU
		{8B555E20-8CCC-5EE4-D614-62C8661982F8}.Release|Any CPU.ActiveCfg = Release|Any CPU
		{8B555E20-8CCC-5EE4-D614-62C8661982F8}.Release|Any CPU.Build.0 = Release|Any CPU
		{EE27CBFE-967E-316C-009B-0234D1611C95}.Debug|Any CPU.ActiveCfg = Debug|Any CPU
		{EE27CBFE-967E-316C-009B-0234D1611C95}.Debug|Any CPU.Build.0 = Debug|Any CPU
		{EE27CBFE-967E-316C-009B-0234D1611C95}.Release|Any CPU.ActiveCfg = Release|Any CPU
		{EE27CBFE-967E-316C-009B-0234D1611C95}.Release|Any CPU.Build.0 = Release|Any CPU
		{C5F73606-BF5D-5C34-DB92-C2F767FE40EA}.Debug|Any CPU.ActiveCfg = Debug|Any CPU
		{C5F73606-BF5D-5C34-DB92-C2F767FE40EA}.Debug|Any CPU.Build.0 = Debug|Any CPU
		{C5F73606-BF5D-5C34-DB92-C2F767FE40EA}.Release|Any CPU.ActiveCfg = Release|Any CPU
		{C5F73606-BF5D-5C34-DB92-C2F767FE40EA}.Release|Any CPU.Build.0 = Release|Any CPU
		{AFEEF35F-04CF-3782-FC19-289BC3F6660E}.Debug|Any CPU.ActiveCfg = Debug|Any CPU
		{AFEEF35F-04CF-3782-FC19-289BC3F6660E}.Debug|Any CPU.Build.0 = Debug|Any CPU
		{AFEEF35F-04CF-3782-FC19-289BC3F6660E}.Release|Any CPU.ActiveCfg = Release|Any CPU
		{AFEEF35F-04CF-3782-FC19-289BC3F6660E}.Release|Any CPU.Build.0 = Release|Any CPU
	EndGlobalSection
	GlobalSection(SolutionProperties) = preSolution
		HideSolutionNode = FALSE
	EndGlobalSection
EndGlobal
